
Microsoft Visual Studio Solution File, Format Version 12.00
# Visual Studio Version 17
VisualStudioVersion = 17.11.35208.52
MinimumVisualStudioVersion = 10.0.40219.1
Project("{FAE04EC0-301F-11D3-BF4B-00C04F79EFBC}") = "BaiTap05", "BaiTap05\BaiTap05.csproj", "{5DAAAFF6-9CDB-42BB-B53A-A38102FFC40D}"
EndProject
Global
	GlobalSection(SolutionConfigurationPlatforms) = preSolution
		Debug|Any CPU = Debug|Any CPU
		Release|Any CPU = Release|Any CPU
	EndGlobalSection
	GlobalSection(ProjectConfigurationPlatforms) = postSolution
		{5DAAAFF6-9CDB-42BB-B53A-A38102FFC40D}.Debug|Any CPU.ActiveCfg = Debug|Any CPU
		{5DAAAFF6-9CDB-42BB-B53A-A38102FFC40D}.Debug|Any CPU.Build.0 = Debug|Any CPU
		{5DAAAFF6-9CDB-42BB-B53A-A38102FFC40D}.Release|Any CPU.ActiveCfg = Release|Any CPU
		{5DAAAFF6-9CDB-42BB-B53A-A38102FFC40D}.Release|Any CPU.Build.0 = Release|Any CPU
	EndGlobalSection
	GlobalSection(SolutionProperties) = preSolution
		HideSolutionNode = FALSE
	EndGlobalSection
	GlobalSection(ExtensibilityGlobals) = postSolution
		SolutionGuid = {0A3A76CC-7D4F-4358-ACCB-EEFD4C067391}
	EndGlobalSection
EndGlobal
